{
  "version": 4,
  "terraform_version": "0.15.2",
  "serial": 409,
  "lineage": "396a33db-5cff-78d6-83b6-a409ab8c524c",
  "outputs": {},
  "resources": [
    {
      "mode": "managed",
      "type": "aws_customer_gateway",
      "name": "acg_1",
      "provider": "provider[\"registry.terraform.io/hashicorp/aws\"]",
      "instances": [
        {
          "schema_version": 0,
          "attributes": {
            "arn": "arn:aws:ec2:us-east-1:557459294105:customer-gateway/cgw-07905dda17e107822",
            "bgp_asn": "65420",
            "device_name": "",
            "id": "cgw-07905dda17e107822",
            "ip_address": "35.242.12.56",
            "tags": {
              "Name": "cg-aws-gcp-vpn-1"
            },
            "tags_all": {
              "Name": "cg-aws-gcp-vpn-1"
            },
            "type": "ipsec.1"
          },
          "sensitive_attributes": [],
          "private": "bnVsbA==",
          "dependencies": [
            "google_compute_ha_vpn_gateway.ha_gateway1",
            "google_compute_network.vpc_network"
          ]
        }
      ]
    },
    {
      "mode": "managed",
      "type": "aws_customer_gateway",
      "name": "acg_2",
      "provider": "provider[\"registry.terraform.io/hashicorp/aws\"]",
      "instances": [
        {
          "schema_version": 0,
          "attributes": {
            "arn": "arn:aws:ec2:us-east-1:557459294105:customer-gateway/cgw-0ab71222e471fb9fa",
            "bgp_asn": "65420",
            "device_name": "",
            "id": "cgw-0ab71222e471fb9fa",
            "ip_address": "35.220.3.149",
            "tags": {
              "Name": "cg-aws-gcp-vpn-2"
            },
            "tags_all": {
              "Name": "cg-aws-gcp-vpn-2"
            },
            "type": "ipsec.1"
          },
          "sensitive_attributes": [],
          "private": "bnVsbA==",
          "dependencies": [
            "google_compute_ha_vpn_gateway.ha_gateway1",
            "google_compute_network.vpc_network"
          ]
        }
      ]
    },
    {
      "mode": "managed",
      "type": "aws_default_route_table",
      "name": "example",
      "provider": "provider[\"registry.terraform.io/hashicorp/aws\"]",
      "instances": [
        {
          "schema_version": 0,
          "attributes": {
            "arn": "arn:aws:ec2:us-east-1:557459294105:route-table/rtb-0773879c9495da756",
            "default_route_table_id": "rtb-0773879c9495da756",
            "id": "rtb-0773879c9495da756",
            "owner_id": "557459294105",
            "propagating_vgws": [
              "vgw-031e23c755445acee"
            ],
            "route": [
              {
                "cidr_block": "0.0.0.0/0",
                "destination_prefix_list_id": "",
                "egress_only_gateway_id": "",
                "gateway_id": "igw-0630190da9f1f8dae",
                "instance_id": "",
                "ipv6_cidr_block": "",
                "nat_gateway_id": "",
                "network_interface_id": "",
                "transit_gateway_id": "",
                "vpc_endpoint_id": "",
                "vpc_peering_connection_id": ""
              }
            ],
            "tags": {
              "Name": "rt-aws-gcp-vpc"
            },
            "tags_all": {
              "Name": "rt-aws-gcp-vpc"
            },
            "timeouts": null,
            "vpc_id": "vpc-079045d7b81172b22"
          },
          "sensitive_attributes": [],
          "private": "eyJlMmJmYjczMC1lY2FhLTExZTYtOGY4OC0zNDM2M2JjN2M0YzAiOnsiY3JlYXRlIjoxMjAwMDAwMDAwMDAsInVwZGF0ZSI6MTIwMDAwMDAwMDAwfX0=",
          "dependencies": [
            "aws_vpn_gateway.vpn_gw",
            "aws_internet_gateway.igw",
            "aws_vpc.main"
          ]
        }
      ]
    },
    {
      "mode": "managed",
      "type": "aws_internet_gateway",
      "name": "igw",
      "provider": "provider[\"registry.terraform.io/hashicorp/aws\"]",
      "instances": [
        {
          "schema_version": 0,
          "attributes": {
            "arn": "arn:aws:ec2:us-east-1:557459294105:internet-gateway/igw-0630190da9f1f8dae",
            "id": "igw-0630190da9f1f8dae",
            "owner_id": "557459294105",
            "tags": {
              "Name": "IGW"
            },
            "tags_all": {
              "Name": "IGW"
            },
            "vpc_id": "vpc-079045d7b81172b22"
          },
          "sensitive_attributes": [],
          "private": "bnVsbA==",
          "dependencies": [
            "aws_vpc.main"
          ]
        }
      ]
    },
    {
      "mode": "managed",
      "type": "aws_route_table_association",
      "name": "public",
      "provider": "provider[\"registry.terraform.io/hashicorp/aws\"]",
      "instances": [
        {
          "schema_version": 0,
          "attributes": {
            "gateway_id": "",
            "id": "rtbassoc-0c6113bf79309c348",
            "route_table_id": "rtb-0773879c9495da756",
            "subnet_id": "subnet-0fe29f5a7f8c67131"
          },
          "sensitive_attributes": [],
          "private": "bnVsbA==",
          "dependencies": [
            "aws_vpc.main",
            "aws_vpn_gateway.vpn_gw",
            "aws_default_route_table.example",
            "aws_internet_gateway.igw",
            "aws_subnet.public"
          ]
        }
      ]
    },
    {
      "mode": "managed",
      "type": "aws_subnet",
      "name": "public",
      "provider": "provider[\"registry.terraform.io/hashicorp/aws\"]",
      "instances": [
        {
          "schema_version": 1,
          "attributes": {
            "arn": "arn:aws:ec2:us-east-1:557459294105:subnet/subnet-0fe29f5a7f8c67131",
            "assign_ipv6_address_on_creation": false,
            "availability_zone": "us-east-1a",
            "availability_zone_id": "use1-az2",
            "cidr_block": "10.1.0.0/24",
            "customer_owned_ipv4_pool": "",
            "id": "subnet-0fe29f5a7f8c67131",
            "ipv6_cidr_block": "",
            "ipv6_cidr_block_association_id": "",
            "map_customer_owned_ip_on_launch": false,
            "map_public_ip_on_launch": false,
            "outpost_arn": "",
            "owner_id": "557459294105",
            "tags": {
              "Name": "subnet-us-east-1"
            },
            "tags_all": {
              "Name": "subnet-us-east-1"
            },
            "timeouts": null,
            "vpc_id": "vpc-079045d7b81172b22"
          },
          "sensitive_attributes": [],
          "private": "eyJlMmJmYjczMC1lY2FhLTExZTYtOGY4OC0zNDM2M2JjN2M0YzAiOnsiY3JlYXRlIjo2MDAwMDAwMDAwMDAsImRlbGV0ZSI6MTIwMDAwMDAwMDAwMH0sInNjaGVtYV92ZXJzaW9uIjoiMSJ9",
          "dependencies": [
            "aws_vpc.main"
          ]
        }
      ]
    },
    {
      "mode": "managed",
      "type": "aws_vpc",
      "name": "main",
      "provider": "provider[\"registry.terraform.io/hashicorp/aws\"]",
      "instances": [
        {
          "schema_version": 1,
          "attributes": {
            "arn": "arn:aws:ec2:us-east-1:557459294105:vpc/vpc-079045d7b81172b22",
            "assign_generated_ipv6_cidr_block": false,
            "cidr_block": "10.1.0.0/16",
            "default_network_acl_id": "acl-03b10c9a4fe86c872",
            "default_route_table_id": "rtb-0773879c9495da756",
            "default_security_group_id": "sg-0deb53ce7e0a6299a",
            "dhcp_options_id": "dopt-fc632286",
            "enable_classiclink": false,
            "enable_classiclink_dns_support": false,
            "enable_dns_hostnames": true,
            "enable_dns_support": true,
            "id": "vpc-079045d7b81172b22",
            "instance_tenancy": "default",
            "ipv6_association_id": "",
            "ipv6_cidr_block": "",
            "main_route_table_id": "rtb-0773879c9495da756",
            "owner_id": "557459294105",
            "tags": {
              "Name": "vpc-aws-gcp-vpn"
            },
            "tags_all": {
              "Name": "vpc-aws-gcp-vpn"
            }
          },
          "sensitive_attributes": [],
          "private": "eyJzY2hlbWFfdmVyc2lvbiI6IjEifQ=="
        }
      ]
    },
    {
      "mode": "managed",
      "type": "aws_vpn_connection",
      "name": "s2s_1",
      "provider": "provider[\"registry.terraform.io/hashicorp/aws\"]",
      "instances": [
        {
          "schema_version": 0,
          "attributes": {
            "arn": "arn:aws:ec2:us-east-1:557459294105:vpn-connection/vpn-063dd63af019c4bf0",
            "customer_gateway_configuration": "\u003c?xml version=\"1.0\" encoding=\"UTF-8\"?\u003e\n\u003cvpn_connection id=\"vpn-063dd63af019c4bf0\"\u003e\n  \u003ccustomer_gateway_id\u003ecgw-07905dda17e107822\u003c/customer_gateway_id\u003e\n  \u003cvpn_gateway_id\u003evgw-031e23c755445acee\u003c/vpn_gateway_id\u003e\n  \u003cvpn_connection_type\u003eipsec.1\u003c/vpn_connection_type\u003e\n  \u003cipsec_tunnel\u003e\n    \u003ccustomer_gateway\u003e\n      \u003ctunnel_outside_address\u003e\n        \u003cip_address\u003e35.242.12.56\u003c/ip_address\u003e\n      \u003c/tunnel_outside_address\u003e\n      \u003ctunnel_inside_address\u003e\n        \u003cip_address\u003e169.254.47.186\u003c/ip_address\u003e\n        \u003cnetwork_mask\u003e255.255.255.252\u003c/network_mask\u003e\n        \u003cnetwork_cidr\u003e30\u003c/network_cidr\u003e\n      \u003c/tunnel_inside_address\u003e\n      \u003cbgp\u003e\n        \u003casn\u003e65420\u003c/asn\u003e\n        \u003chold_time\u003e30\u003c/hold_time\u003e\n      \u003c/bgp\u003e\n    \u003c/customer_gateway\u003e\n    \u003cvpn_gateway\u003e\n      \u003ctunnel_outside_address\u003e\n        \u003cip_address\u003e44.198.82.154\u003c/ip_address\u003e\n      \u003c/tunnel_outside_address\u003e\n      \u003ctunnel_inside_address\u003e\n        \u003cip_address\u003e169.254.47.185\u003c/ip_address\u003e\n        \u003cnetwork_mask\u003e255.255.255.252\u003c/network_mask\u003e\n        \u003cnetwork_cidr\u003e30\u003c/network_cidr\u003e\n      \u003c/tunnel_inside_address\u003e\n      \u003cbgp\u003e\n        \u003casn\u003e64512\u003c/asn\u003e\n        \u003chold_time\u003e30\u003c/hold_time\u003e\n      \u003c/bgp\u003e\n    \u003c/vpn_gateway\u003e\n    \u003cike\u003e\n      \u003cauthentication_protocol\u003esha1\u003c/authentication_protocol\u003e\n      \u003cencryption_protocol\u003eaes-256-cbc\u003c/encryption_protocol\u003e\n      \u003clifetime\u003e28800\u003c/lifetime\u003e\n      \u003cperfect_forward_secrecy\u003egroup2\u003c/perfect_forward_secrecy\u003e\n      \u003cmode\u003emain\u003c/mode\u003e\n      \u003cpre_shared_key\u003eYA0sP9IhSMZ17nyADFpIUsjHUpU77K.s\u003c/pre_shared_key\u003e\n    \u003c/ike\u003e\n    \u003cipsec\u003e\n      \u003cprotocol\u003eesp\u003c/protocol\u003e\n      \u003cauthentication_protocol\u003ehmac-sha1-96\u003c/authentication_protocol\u003e\n      \u003cencryption_protocol\u003eaes-256-cbc\u003c/encryption_protocol\u003e\n      \u003clifetime\u003e3600\u003c/lifetime\u003e\n      \u003cperfect_forward_secrecy\u003egroup2\u003c/perfect_forward_secrecy\u003e\n      \u003cmode\u003etunnel\u003c/mode\u003e\n      \u003cclear_df_bit\u003etrue\u003c/clear_df_bit\u003e\n      \u003cfragmentation_before_encryption\u003etrue\u003c/fragmentation_before_encryption\u003e\n      \u003ctcp_mss_adjustment\u003e1379\u003c/tcp_mss_adjustment\u003e\n      \u003cdead_peer_detection\u003e\n        \u003cinterval\u003e10\u003c/interval\u003e\n        \u003cretries\u003e3\u003c/retries\u003e\n      \u003c/dead_peer_detection\u003e\n    \u003c/ipsec\u003e\n  \u003c/ipsec_tunnel\u003e\n  \u003cipsec_tunnel\u003e\n    \u003ccustomer_gateway\u003e\n      \u003ctunnel_outside_address\u003e\n        \u003cip_address\u003e35.242.12.56\u003c/ip_address\u003e\n      \u003c/tunnel_outside_address\u003e\n      \u003ctunnel_inside_address\u003e\n        \u003cip_address\u003e169.254.39.206\u003c/ip_address\u003e\n        \u003cnetwork_mask\u003e255.255.255.252\u003c/network_mask\u003e\n        \u003cnetwork_cidr\u003e30\u003c/network_cidr\u003e\n      \u003c/tunnel_inside_address\u003e\n      \u003cbgp\u003e\n        \u003casn\u003e65420\u003c/asn\u003e\n        \u003chold_time\u003e30\u003c/hold_time\u003e\n      \u003c/bgp\u003e\n    \u003c/customer_gateway\u003e\n    \u003cvpn_gateway\u003e\n      \u003ctunnel_outside_address\u003e\n        \u003cip_address\u003e52.87.16.232\u003c/ip_address\u003e\n      \u003c/tunnel_outside_address\u003e\n      \u003ctunnel_inside_address\u003e\n        \u003cip_address\u003e169.254.39.205\u003c/ip_address\u003e\n        \u003cnetwork_mask\u003e255.255.255.252\u003c/network_mask\u003e\n        \u003cnetwork_cidr\u003e30\u003c/network_cidr\u003e\n      \u003c/tunnel_inside_address\u003e\n      \u003cbgp\u003e\n        \u003casn\u003e64512\u003c/asn\u003e\n        \u003chold_time\u003e30\u003c/hold_time\u003e\n      \u003c/bgp\u003e\n    \u003c/vpn_gateway\u003e\n    \u003cike\u003e\n      \u003cauthentication_protocol\u003esha1\u003c/authentication_protocol\u003e\n      \u003cencryption_protocol\u003eaes-256-cbc\u003c/encryption_protocol\u003e\n      \u003clifetime\u003e28800\u003c/lifetime\u003e\n      \u003cperfect_forward_secrecy\u003egroup2\u003c/perfect_forward_secrecy\u003e\n      \u003cmode\u003emain\u003c/mode\u003e\n      \u003cpre_shared_key\u003e5kAf_zFnWO4KZ5E9g3FL5BV7W3oyj9l2\u003c/pre_shared_key\u003e\n    \u003c/ike\u003e\n    \u003cipsec\u003e\n      \u003cprotocol\u003eesp\u003c/protocol\u003e\n      \u003cauthentication_protocol\u003ehmac-sha1-96\u003c/authentication_protocol\u003e\n      \u003cencryption_protocol\u003eaes-256-cbc\u003c/encryption_protocol\u003e\n      \u003clifetime\u003e3600\u003c/lifetime\u003e\n      \u003cperfect_forward_secrecy\u003egroup2\u003c/perfect_forward_secrecy\u003e\n      \u003cmode\u003etunnel\u003c/mode\u003e\n      \u003cclear_df_bit\u003etrue\u003c/clear_df_bit\u003e\n      \u003cfragmentation_before_encryption\u003etrue\u003c/fragmentation_before_encryption\u003e\n      \u003ctcp_mss_adjustment\u003e1379\u003c/tcp_mss_adjustment\u003e\n      \u003cdead_peer_detection\u003e\n        \u003cinterval\u003e10\u003c/interval\u003e\n        \u003cretries\u003e3\u003c/retries\u003e\n      \u003c/dead_peer_detection\u003e\n    \u003c/ipsec\u003e\n  \u003c/ipsec_tunnel\u003e\n\u003c/vpn_connection\u003e",
            "customer_gateway_id": "cgw-07905dda17e107822",
            "enable_acceleration": false,
            "id": "vpn-063dd63af019c4bf0",
            "local_ipv4_network_cidr": "0.0.0.0/0",
            "local_ipv6_network_cidr": "",
            "remote_ipv4_network_cidr": "0.0.0.0/0",
            "remote_ipv6_network_cidr": "",
            "routes": [],
            "static_routes_only": false,
            "tags": {
              "Name": "vpn-aws-gcp-1"
            },
            "tags_all": {
              "Name": "vpn-aws-gcp-1"
            },
            "transit_gateway_attachment_id": "",
            "transit_gateway_id": "",
            "tunnel1_address": "44.198.82.154",
            "tunnel1_bgp_asn": "64512",
            "tunnel1_bgp_holdtime": 30,
            "tunnel1_cgw_inside_address": "169.254.47.186",
            "tunnel1_dpd_timeout_action": "",
            "tunnel1_dpd_timeout_seconds": 0,
            "tunnel1_ike_versions": [
              "ikev2"
            ],
            "tunnel1_inside_cidr": "169.254.47.184/30",
            "tunnel1_inside_ipv6_cidr": "",
            "tunnel1_phase1_dh_group_numbers": [
              14
            ],
            "tunnel1_phase1_encryption_algorithms": [
              "AES256"
            ],
            "tunnel1_phase1_integrity_algorithms": [
              "SHA2-256"
            ],
            "tunnel1_phase1_lifetime_seconds": 0,
            "tunnel1_phase2_dh_group_numbers": [
              14
            ],
            "tunnel1_phase2_encryption_algorithms": [
              "AES256"
            ],
            "tunnel1_phase2_integrity_algorithms": [
              "SHA2-256"
            ],
            "tunnel1_phase2_lifetime_seconds": 0,
            "tunnel1_preshared_key": "YA0sP9IhSMZ17nyADFpIUsjHUpU77K.s",
            "tunnel1_rekey_fuzz_percentage": 0,
            "tunnel1_rekey_margin_time_seconds": 0,
            "tunnel1_replay_window_size": 0,
            "tunnel1_startup_action": "",
            "tunnel1_vgw_inside_address": "169.254.47.185",
            "tunnel2_address": "52.87.16.232",
            "tunnel2_bgp_asn": "64512",
            "tunnel2_bgp_holdtime": 30,
            "tunnel2_cgw_inside_address": "169.254.39.206",
            "tunnel2_dpd_timeout_action": "",
            "tunnel2_dpd_timeout_seconds": 0,
            "tunnel2_ike_versions": [
              "ikev2"
            ],
            "tunnel2_inside_cidr": "169.254.39.204/30",
            "tunnel2_inside_ipv6_cidr": "",
            "tunnel2_phase1_dh_group_numbers": [
              14
            ],
            "tunnel2_phase1_encryption_algorithms": [
              "AES256"
            ],
            "tunnel2_phase1_integrity_algorithms": [
              "SHA2-256"
            ],
            "tunnel2_phase1_lifetime_seconds": 0,
            "tunnel2_phase2_dh_group_numbers": [
              14
            ],
            "tunnel2_phase2_encryption_algorithms": [
              "AES256"
            ],
            "tunnel2_phase2_integrity_algorithms": [
              "SHA2-256"
            ],
            "tunnel2_phase2_lifetime_seconds": 0,
            "tunnel2_preshared_key": "5kAf_zFnWO4KZ5E9g3FL5BV7W3oyj9l2",
            "tunnel2_rekey_fuzz_percentage": 0,
            "tunnel2_rekey_margin_time_seconds": 0,
            "tunnel2_replay_window_size": 0,
            "tunnel2_startup_action": "",
            "tunnel2_vgw_inside_address": "169.254.39.205",
            "tunnel_inside_ip_version": "ipv4",
            "type": "ipsec.1",
            "vgw_telemetry": [
              {
                "accepted_route_count": 1,
                "last_status_change": "2021-11-29T13:41:15Z",
                "outside_ip_address": "44.198.82.154",
                "status": "UP",
                "status_message": "1 BGP ROUTES"
              },
              {
                "accepted_route_count": 1,
                "last_status_change": "2021-11-29T13:46:49Z",
                "outside_ip_address": "52.87.16.232",
                "status": "UP",
                "status_message": "1 BGP ROUTES"
              }
            ],
            "vpn_gateway_id": "vgw-031e23c755445acee"
          },
          "sensitive_attributes": [],
          "private": "bnVsbA==",
          "dependencies": [
            "aws_customer_gateway.acg_1",
            "aws_vpc.main",
            "aws_vpn_gateway.vpn_gw",
            "google_compute_ha_vpn_gateway.ha_gateway1",
            "google_compute_network.vpc_network"
          ]
        }
      ]
    },
    {
      "mode": "managed",
      "type": "aws_vpn_connection",
      "name": "s2s_2",
      "provider": "provider[\"registry.terraform.io/hashicorp/aws\"]",
      "instances": [
        {
          "schema_version": 0,
          "attributes": {
            "arn": "arn:aws:ec2:us-east-1:557459294105:vpn-connection/vpn-066d2e660e6326ec5",
            "customer_gateway_configuration": "\u003c?xml version=\"1.0\" encoding=\"UTF-8\"?\u003e\n\u003cvpn_connection id=\"vpn-066d2e660e6326ec5\"\u003e\n  \u003ccustomer_gateway_id\u003ecgw-0ab71222e471fb9fa\u003c/customer_gateway_id\u003e\n  \u003cvpn_gateway_id\u003evgw-031e23c755445acee\u003c/vpn_gateway_id\u003e\n  \u003cvpn_connection_type\u003eipsec.1\u003c/vpn_connection_type\u003e\n  \u003cipsec_tunnel\u003e\n    \u003ccustomer_gateway\u003e\n      \u003ctunnel_outside_address\u003e\n        \u003cip_address\u003e35.220.3.149\u003c/ip_address\u003e\n      \u003c/tunnel_outside_address\u003e\n      \u003ctunnel_inside_address\u003e\n        \u003cip_address\u003e169.254.15.106\u003c/ip_address\u003e\n        \u003cnetwork_mask\u003e255.255.255.252\u003c/network_mask\u003e\n        \u003cnetwork_cidr\u003e30\u003c/network_cidr\u003e\n      \u003c/tunnel_inside_address\u003e\n      \u003cbgp\u003e\n        \u003casn\u003e65420\u003c/asn\u003e\n        \u003chold_time\u003e30\u003c/hold_time\u003e\n      \u003c/bgp\u003e\n    \u003c/customer_gateway\u003e\n    \u003cvpn_gateway\u003e\n      \u003ctunnel_outside_address\u003e\n        \u003cip_address\u003e35.169.136.155\u003c/ip_address\u003e\n      \u003c/tunnel_outside_address\u003e\n      \u003ctunnel_inside_address\u003e\n        \u003cip_address\u003e169.254.15.105\u003c/ip_address\u003e\n        \u003cnetwork_mask\u003e255.255.255.252\u003c/network_mask\u003e\n        \u003cnetwork_cidr\u003e30\u003c/network_cidr\u003e\n      \u003c/tunnel_inside_address\u003e\n      \u003cbgp\u003e\n        \u003casn\u003e64512\u003c/asn\u003e\n        \u003chold_time\u003e30\u003c/hold_time\u003e\n      \u003c/bgp\u003e\n    \u003c/vpn_gateway\u003e\n    \u003cike\u003e\n      \u003cauthentication_protocol\u003esha1\u003c/authentication_protocol\u003e\n      \u003cencryption_protocol\u003eaes-256-cbc\u003c/encryption_protocol\u003e\n      \u003clifetime\u003e28800\u003c/lifetime\u003e\n      \u003cperfect_forward_secrecy\u003egroup2\u003c/perfect_forward_secrecy\u003e\n      \u003cmode\u003emain\u003c/mode\u003e\n      \u003cpre_shared_key\u003exFcVpbwnZM4D7ZVvxEGjQXCpIGicOA2H\u003c/pre_shared_key\u003e\n    \u003c/ike\u003e\n    \u003cipsec\u003e\n      \u003cprotocol\u003eesp\u003c/protocol\u003e\n      \u003cauthentication_protocol\u003ehmac-sha1-96\u003c/authentication_protocol\u003e\n      \u003cencryption_protocol\u003eaes-256-cbc\u003c/encryption_protocol\u003e\n      \u003clifetime\u003e3600\u003c/lifetime\u003e\n      \u003cperfect_forward_secrecy\u003egroup2\u003c/perfect_forward_secrecy\u003e\n      \u003cmode\u003etunnel\u003c/mode\u003e\n      \u003cclear_df_bit\u003etrue\u003c/clear_df_bit\u003e\n      \u003cfragmentation_before_encryption\u003etrue\u003c/fragmentation_before_encryption\u003e\n      \u003ctcp_mss_adjustment\u003e1379\u003c/tcp_mss_adjustment\u003e\n      \u003cdead_peer_detection\u003e\n        \u003cinterval\u003e10\u003c/interval\u003e\n        \u003cretries\u003e3\u003c/retries\u003e\n      \u003c/dead_peer_detection\u003e\n    \u003c/ipsec\u003e\n  \u003c/ipsec_tunnel\u003e\n  \u003cipsec_tunnel\u003e\n    \u003ccustomer_gateway\u003e\n      \u003ctunnel_outside_address\u003e\n        \u003cip_address\u003e35.220.3.149\u003c/ip_address\u003e\n      \u003c/tunnel_outside_address\u003e\n      \u003ctunnel_inside_address\u003e\n        \u003cip_address\u003e169.254.57.6\u003c/ip_address\u003e\n        \u003cnetwork_mask\u003e255.255.255.252\u003c/network_mask\u003e\n        \u003cnetwork_cidr\u003e30\u003c/network_cidr\u003e\n      \u003c/tunnel_inside_address\u003e\n      \u003cbgp\u003e\n        \u003casn\u003e65420\u003c/asn\u003e\n        \u003chold_time\u003e30\u003c/hold_time\u003e\n      \u003c/bgp\u003e\n    \u003c/customer_gateway\u003e\n    \u003cvpn_gateway\u003e\n      \u003ctunnel_outside_address\u003e\n        \u003cip_address\u003e52.202.135.69\u003c/ip_address\u003e\n      \u003c/tunnel_outside_address\u003e\n      \u003ctunnel_inside_address\u003e\n        \u003cip_address\u003e169.254.57.5\u003c/ip_address\u003e\n        \u003cnetwork_mask\u003e255.255.255.252\u003c/network_mask\u003e\n        \u003cnetwork_cidr\u003e30\u003c/network_cidr\u003e\n      \u003c/tunnel_inside_address\u003e\n      \u003cbgp\u003e\n        \u003casn\u003e64512\u003c/asn\u003e\n        \u003chold_time\u003e30\u003c/hold_time\u003e\n      \u003c/bgp\u003e\n    \u003c/vpn_gateway\u003e\n    \u003cike\u003e\n      \u003cauthentication_protocol\u003esha1\u003c/authentication_protocol\u003e\n      \u003cencryption_protocol\u003eaes-256-cbc\u003c/encryption_protocol\u003e\n      \u003clifetime\u003e28800\u003c/lifetime\u003e\n      \u003cperfect_forward_secrecy\u003egroup2\u003c/perfect_forward_secrecy\u003e\n      \u003cmode\u003emain\u003c/mode\u003e\n      \u003cpre_shared_key\u003efYnS_JpizQPr83FELqh3GCTPKYkZhfws\u003c/pre_shared_key\u003e\n    \u003c/ike\u003e\n    \u003cipsec\u003e\n      \u003cprotocol\u003eesp\u003c/protocol\u003e\n      \u003cauthentication_protocol\u003ehmac-sha1-96\u003c/authentication_protocol\u003e\n      \u003cencryption_protocol\u003eaes-256-cbc\u003c/encryption_protocol\u003e\n      \u003clifetime\u003e3600\u003c/lifetime\u003e\n      \u003cperfect_forward_secrecy\u003egroup2\u003c/perfect_forward_secrecy\u003e\n      \u003cmode\u003etunnel\u003c/mode\u003e\n      \u003cclear_df_bit\u003etrue\u003c/clear_df_bit\u003e\n      \u003cfragmentation_before_encryption\u003etrue\u003c/fragmentation_before_encryption\u003e\n      \u003ctcp_mss_adjustment\u003e1379\u003c/tcp_mss_adjustment\u003e\n      \u003cdead_peer_detection\u003e\n        \u003cinterval\u003e10\u003c/interval\u003e\n        \u003cretries\u003e3\u003c/retries\u003e\n      \u003c/dead_peer_detection\u003e\n    \u003c/ipsec\u003e\n  \u003c/ipsec_tunnel\u003e\n\u003c/vpn_connection\u003e",
            "customer_gateway_id": "cgw-0ab71222e471fb9fa",
            "enable_acceleration": false,
            "id": "vpn-066d2e660e6326ec5",
            "local_ipv4_network_cidr": "0.0.0.0/0",
            "local_ipv6_network_cidr": "",
            "remote_ipv4_network_cidr": "0.0.0.0/0",
            "remote_ipv6_network_cidr": "",
            "routes": [],
            "static_routes_only": false,
            "tags": {
              "Name": "vpn-aws-gcp-2"
            },
            "tags_all": {
              "Name": "vpn-aws-gcp-2"
            },
            "transit_gateway_attachment_id": "",
            "transit_gateway_id": "",
            "tunnel1_address": "35.169.136.155",
            "tunnel1_bgp_asn": "64512",
            "tunnel1_bgp_holdtime": 30,
            "tunnel1_cgw_inside_address": "169.254.15.106",
            "tunnel1_dpd_timeout_action": "",
            "tunnel1_dpd_timeout_seconds": 0,
            "tunnel1_ike_versions": [
              "ikev2"
            ],
            "tunnel1_inside_cidr": "169.254.15.104/30",
            "tunnel1_inside_ipv6_cidr": "",
            "tunnel1_phase1_dh_group_numbers": [
              14
            ],
            "tunnel1_phase1_encryption_algorithms": [
              "AES256"
            ],
            "tunnel1_phase1_integrity_algorithms": [
              "SHA2-256"
            ],
            "tunnel1_phase1_lifetime_seconds": 0,
            "tunnel1_phase2_dh_group_numbers": [
              14
            ],
            "tunnel1_phase2_encryption_algorithms": [
              "AES256"
            ],
            "tunnel1_phase2_integrity_algorithms": [
              "SHA2-256"
            ],
            "tunnel1_phase2_lifetime_seconds": 0,
            "tunnel1_preshared_key": "xFcVpbwnZM4D7ZVvxEGjQXCpIGicOA2H",
            "tunnel1_rekey_fuzz_percentage": 0,
            "tunnel1_rekey_margin_time_seconds": 0,
            "tunnel1_replay_window_size": 0,
            "tunnel1_startup_action": "",
            "tunnel1_vgw_inside_address": "169.254.15.105",
            "tunnel2_address": "52.202.135.69",
            "tunnel2_bgp_asn": "64512",
            "tunnel2_bgp_holdtime": 30,
            "tunnel2_cgw_inside_address": "169.254.57.6",
            "tunnel2_dpd_timeout_action": "",
            "tunnel2_dpd_timeout_seconds": 0,
            "tunnel2_ike_versions": [
              "ikev2"
            ],
            "tunnel2_inside_cidr": "169.254.57.4/30",
            "tunnel2_inside_ipv6_cidr": "",
            "tunnel2_phase1_dh_group_numbers": [
              14
            ],
            "tunnel2_phase1_encryption_algorithms": [
              "AES256"
            ],
            "tunnel2_phase1_integrity_algorithms": [
              "SHA2-256"
            ],
            "tunnel2_phase1_lifetime_seconds": 0,
            "tunnel2_phase2_dh_group_numbers": [
              14
            ],
            "tunnel2_phase2_encryption_algorithms": [
              "AES256"
            ],
            "tunnel2_phase2_integrity_algorithms": [
              "SHA2-256"
            ],
            "tunnel2_phase2_lifetime_seconds": 0,
            "tunnel2_preshared_key": "fYnS_JpizQPr83FELqh3GCTPKYkZhfws",
            "tunnel2_rekey_fuzz_percentage": 0,
            "tunnel2_rekey_margin_time_seconds": 0,
            "tunnel2_replay_window_size": 0,
            "tunnel2_startup_action": "",
            "tunnel2_vgw_inside_address": "169.254.57.5",
            "tunnel_inside_ip_version": "ipv4",
            "type": "ipsec.1",
            "vgw_telemetry": [
              {
                "accepted_route_count": 0,
                "last_status_change": "2021-11-29T13:27:10Z",
                "outside_ip_address": "35.169.136.155",
                "status": "DOWN",
                "status_message": "IPSEC IS UP"
              },
              {
                "accepted_route_count": 0,
                "last_status_change": "2021-11-29T13:28:33Z",
                "outside_ip_address": "52.202.135.69",
                "status": "DOWN",
                "status_message": "IPSEC IS UP"
              }
            ],
            "vpn_gateway_id": "vgw-031e23c755445acee"
          },
          "sensitive_attributes": [],
          "private": "bnVsbA==",
          "dependencies": [
            "aws_customer_gateway.acg_2",
            "aws_vpc.main",
            "aws_vpn_gateway.vpn_gw",
            "google_compute_ha_vpn_gateway.ha_gateway1",
            "google_compute_network.vpc_network"
          ]
        }
      ]
    },
    {
      "mode": "managed",
      "type": "aws_vpn_gateway",
      "name": "vpn_gw",
      "provider": "provider[\"registry.terraform.io/hashicorp/aws\"]",
      "instances": [
        {
          "schema_version": 0,
          "attributes": {
            "amazon_side_asn": "64512",
            "arn": "arn:aws:ec2:us-east-1:557459294105:vpn-gateway/vgw-031e23c755445acee",
            "availability_zone": null,
            "id": "vgw-031e23c755445acee",
            "tags": {
              "Name": "vpg-aws-gcp"
            },
            "tags_all": {
              "Name": "vpg-aws-gcp"
            },
            "vpc_id": "vpc-079045d7b81172b22"
          },
          "sensitive_attributes": [],
          "private": "bnVsbA==",
          "dependencies": [
            "aws_vpc.main"
          ]
        }
      ]
    },
    {
      "mode": "managed",
      "type": "google_compute_external_vpn_gateway",
      "name": "external_gateway",
      "provider": "provider[\"registry.terraform.io/hashicorp/google\"]",
      "instances": [
        {
          "schema_version": 0,
          "attributes": {
            "description": "An externally managed VPN gateway",
            "id": "projects/superproject-333310/global/externalVpnGateways/pvg-aws-gcp-vpn",
            "interface": [
              {
                "id": 0,
                "ip_address": "44.198.82.154"
              },
              {
                "id": 1,
                "ip_address": "52.87.16.232"
              },
              {
                "id": 2,
                "ip_address": "35.169.136.155"
              },
              {
                "id": 3,
                "ip_address": "52.202.135.69"
              }
            ],
            "name": "pvg-aws-gcp-vpn",
            "project": "superproject-333310",
            "redundancy_type": "FOUR_IPS_REDUNDANCY",
            "self_link": "https://www.googleapis.com/compute/v1/projects/superproject-333310/global/externalVpnGateways/pvg-aws-gcp-vpn",
            "timeouts": null
          },
          "sensitive_attributes": [],
          "private": "eyJlMmJmYjczMC1lY2FhLTExZTYtOGY4OC0zNDM2M2JjN2M0YzAiOnsiY3JlYXRlIjoyNDAwMDAwMDAwMDAsImRlbGV0ZSI6MjQwMDAwMDAwMDAwfX0=",
          "dependencies": [
            "aws_customer_gateway.acg_2",
            "aws_vpc.main",
            "aws_vpn_connection.s2s_1",
            "aws_vpn_connection.s2s_2",
            "aws_vpn_gateway.vpn_gw",
            "google_compute_ha_vpn_gateway.ha_gateway1",
            "google_compute_network.vpc_network",
            "aws_customer_gateway.acg_1"
          ]
        }
      ]
    },
    {
      "mode": "managed",
      "type": "google_compute_firewall",
      "name": "allow_icmp_ssh",
      "provider": "provider[\"registry.terraform.io/hashicorp/google\"]",
      "instances": [
        {
          "schema_version": 1,
          "attributes": {
            "allow": [
              {
                "ports": [
                  "22"
                ],
                "protocol": "tcp"
              },
              {
                "ports": [],
                "protocol": "icmp"
              }
            ],
            "creation_timestamp": "2021-11-29T05:18:51.915-08:00",
            "deny": [],
            "description": "",
            "destination_ranges": [],
            "direction": "INGRESS",
            "disabled": false,
            "enable_logging": null,
            "id": "projects/superproject-333310/global/firewalls/allow-icmp-ssh",
            "log_config": [],
            "name": "allow-icmp-ssh",
            "network": "https://www.googleapis.com/compute/v1/projects/superproject-333310/global/networks/vpc-aws-gcp",
            "priority": 1000,
            "project": "superproject-333310",
            "self_link": "https://www.googleapis.com/compute/v1/projects/superproject-333310/global/firewalls/allow-icmp-ssh",
            "source_ranges": [
              "0.0.0.0/0",
              "35.235.240.0/20"
            ],
            "source_service_accounts": [],
            "source_tags": [],
            "target_service_accounts": [],
            "target_tags": [],
            "timeouts": null
          },
          "sensitive_attributes": [],
          "private": "eyJlMmJmYjczMC1lY2FhLTExZTYtOGY4OC0zNDM2M2JjN2M0YzAiOnsiY3JlYXRlIjoyNDAwMDAwMDAwMDAsImRlbGV0ZSI6MjQwMDAwMDAwMDAwLCJ1cGRhdGUiOjI0MDAwMDAwMDAwMH0sInNjaGVtYV92ZXJzaW9uIjoiMSJ9",
          "dependencies": [
            "google_compute_network.vpc_network"
          ]
        }
      ]
    },
    {
      "mode": "managed",
      "type": "google_compute_ha_vpn_gateway",
      "name": "ha_gateway1",
      "provider": "provider[\"registry.terraform.io/hashicorp/google\"]",
      "instances": [
        {
          "schema_version": 0,
          "attributes": {
            "description": "",
            "id": "projects/superproject-333310/regions/us-east1/vpnGateways/vpn-gateway-aws-gcp",
            "name": "vpn-gateway-aws-gcp",
            "network": "https://www.googleapis.com/compute/v1/projects/superproject-333310/global/networks/vpc-aws-gcp",
            "project": "superproject-333310",
            "region": "us-east1",
            "self_link": "https://www.googleapis.com/compute/v1/projects/superproject-333310/regions/us-east1/vpnGateways/vpn-gateway-aws-gcp",
            "timeouts": null,
            "vpn_interfaces": [
              {
                "id": 0,
                "interconnect_attachment": "",
                "ip_address": "35.242.12.56"
              },
              {
                "id": 1,
                "interconnect_attachment": "",
                "ip_address": "35.220.3.149"
              }
            ]
          },
          "sensitive_attributes": [],
          "private": "eyJlMmJmYjczMC1lY2FhLTExZTYtOGY4OC0zNDM2M2JjN2M0YzAiOnsiY3JlYXRlIjoyNDAwMDAwMDAwMDAsImRlbGV0ZSI6MjQwMDAwMDAwMDAwfX0=",
          "dependencies": [
            "google_compute_network.vpc_network"
          ]
        }
      ]
    },
    {
      "mode": "managed",
      "type": "google_compute_network",
      "name": "vpc_network",
      "provider": "provider[\"registry.terraform.io/hashicorp/google\"]",
      "instances": [
        {
          "schema_version": 0,
          "attributes": {
            "auto_create_subnetworks": false,
            "delete_default_routes_on_create": false,
            "description": "",
            "gateway_ipv4": "",
            "id": "projects/superproject-333310/global/networks/vpc-aws-gcp",
            "mtu": 0,
            "name": "vpc-aws-gcp",
            "project": "superproject-333310",
            "routing_mode": "GLOBAL",
            "self_link": "https://www.googleapis.com/compute/v1/projects/superproject-333310/global/networks/vpc-aws-gcp",
            "timeouts": null
          },
          "sensitive_attributes": [],
          "private": "eyJlMmJmYjczMC1lY2FhLTExZTYtOGY4OC0zNDM2M2JjN2M0YzAiOnsiY3JlYXRlIjoyNDAwMDAwMDAwMDAsImRlbGV0ZSI6MjQwMDAwMDAwMDAwLCJ1cGRhdGUiOjI0MDAwMDAwMDAwMH19"
        }
      ]
    },
    {
      "mode": "managed",
      "type": "google_compute_router",
      "name": "cloudrouter",
      "provider": "provider[\"registry.terraform.io/hashicorp/google\"]",
      "instances": [
        {
          "schema_version": 0,
          "attributes": {
            "bgp": [
              {
                "advertise_mode": "DEFAULT",
                "advertised_groups": [],
                "advertised_ip_ranges": [],
                "asn": 65420
              }
            ],
            "creation_timestamp": "2021-11-29T05:18:52.254-08:00",
            "description": "",
            "encrypted_interconnect_router": false,
            "id": "projects/superproject-333310/regions/us-east1/routers/cloud-router-aws-gcp-vpn",
            "name": "cloud-router-aws-gcp-vpn",
            "network": "https://www.googleapis.com/compute/v1/projects/superproject-333310/global/networks/vpc-aws-gcp",
            "project": "superproject-333310",
            "region": "us-east1",
            "self_link": "https://www.googleapis.com/compute/v1/projects/superproject-333310/regions/us-east1/routers/cloud-router-aws-gcp-vpn",
            "timeouts": null
          },
          "sensitive_attributes": [],
          "private": "eyJlMmJmYjczMC1lY2FhLTExZTYtOGY4OC0zNDM2M2JjN2M0YzAiOnsiY3JlYXRlIjoyNDAwMDAwMDAwMDAsImRlbGV0ZSI6MjQwMDAwMDAwMDAwLCJ1cGRhdGUiOjI0MDAwMDAwMDAwMH19",
          "dependencies": [
            "google_compute_network.vpc_network"
          ]
        }
      ]
    },
    {
      "mode": "managed",
      "type": "google_compute_router_interface",
      "name": "router1_interface1",
      "provider": "provider[\"registry.terraform.io/hashicorp/google\"]",
      "instances": [
        {
          "schema_version": 0,
          "attributes": {
            "id": "us-east1/cloud-router-aws-gcp-vpn/router1-interface1",
            "interconnect_attachment": "",
            "ip_range": "169.254.47.186/30",
            "name": "router1-interface1",
            "project": "superproject-333310",
            "region": "us-east1",
            "router": "cloud-router-aws-gcp-vpn",
            "timeouts": null,
            "vpn_tunnel": "https://www.googleapis.com/compute/v1/projects/superproject-333310/regions/us-east1/vpnTunnels/vpn-tunnel1-1"
          },
          "sensitive_attributes": [],
          "private": "eyJlMmJmYjczMC1lY2FhLTExZTYtOGY4OC0zNDM2M2JjN2M0YzAiOnsiY3JlYXRlIjoyNDAwMDAwMDAwMDAsImRlbGV0ZSI6MjQwMDAwMDAwMDAwfX0=",
          "dependencies": [
            "google_compute_external_vpn_gateway.external_gateway",
            "google_compute_router.cloudrouter",
            "google_compute_vpn_tunnel.tunnel1_1",
            "aws_customer_gateway.acg_1",
            "aws_vpn_connection.s2s_2",
            "aws_vpn_connection.s2s_1",
            "aws_vpn_gateway.vpn_gw",
            "google_compute_ha_vpn_gateway.ha_gateway1",
            "google_compute_network.vpc_network",
            "aws_customer_gateway.acg_2",
            "aws_vpc.main"
          ]
        }
      ]
    },
    {
      "mode": "managed",
      "type": "google_compute_router_interface",
      "name": "router1_interface2",
      "provider": "provider[\"registry.terraform.io/hashicorp/google\"]",
      "instances": [
        {
          "schema_version": 0,
          "attributes": {
            "id": "us-east1/cloud-router-aws-gcp-vpn/router1-interface2",
            "interconnect_attachment": "",
            "ip_range": "169.254.39.206/30",
            "name": "router1-interface2",
            "project": "superproject-333310",
            "region": "us-east1",
            "router": "cloud-router-aws-gcp-vpn",
            "timeouts": null,
            "vpn_tunnel": "https://www.googleapis.com/compute/v1/projects/superproject-333310/regions/us-east1/vpnTunnels/vpn-tunnel1-2"
          },
          "sensitive_attributes": [],
          "private": "eyJlMmJmYjczMC1lY2FhLTExZTYtOGY4OC0zNDM2M2JjN2M0YzAiOnsiY3JlYXRlIjoyNDAwMDAwMDAwMDAsImRlbGV0ZSI6MjQwMDAwMDAwMDAwfX0=",
          "dependencies": [
            "aws_vpn_connection.s2s_2",
            "google_compute_ha_vpn_gateway.ha_gateway1",
            "google_compute_network.vpc_network",
            "aws_customer_gateway.acg_1",
            "aws_vpc.main",
            "aws_vpn_gateway.vpn_gw",
            "google_compute_external_vpn_gateway.external_gateway",
            "google_compute_router.cloudrouter",
            "google_compute_vpn_tunnel.tunnel1_2",
            "aws_customer_gateway.acg_2",
            "aws_vpn_connection.s2s_1"
          ]
        }
      ]
    },
    {
      "mode": "managed",
      "type": "google_compute_router_interface",
      "name": "router2_interface1",
      "provider": "provider[\"registry.terraform.io/hashicorp/google\"]",
      "instances": [
        {
          "schema_version": 0,
          "attributes": {
            "id": "us-east1/cloud-router-aws-gcp-vpn/router2-interface1",
            "interconnect_attachment": "",
            "ip_range": "169.254.15.106/30",
            "name": "router2-interface1",
            "project": "superproject-333310",
            "region": "us-east1",
            "router": "cloud-router-aws-gcp-vpn",
            "timeouts": null,
            "vpn_tunnel": "https://www.googleapis.com/compute/v1/projects/superproject-333310/regions/us-east1/vpnTunnels/vpn-tunnel2-1"
          },
          "sensitive_attributes": [],
          "private": "eyJlMmJmYjczMC1lY2FhLTExZTYtOGY4OC0zNDM2M2JjN2M0YzAiOnsiY3JlYXRlIjoyNDAwMDAwMDAwMDAsImRlbGV0ZSI6MjQwMDAwMDAwMDAwfX0=",
          "dependencies": [
            "aws_vpn_gateway.vpn_gw",
            "google_compute_network.vpc_network",
            "google_compute_router.cloudrouter",
            "google_compute_vpn_tunnel.tunnel2_1",
            "aws_customer_gateway.acg_1",
            "aws_customer_gateway.acg_2",
            "aws_vpn_connection.s2s_1",
            "aws_vpn_connection.s2s_2",
            "aws_vpc.main",
            "google_compute_external_vpn_gateway.external_gateway",
            "google_compute_ha_vpn_gateway.ha_gateway1"
          ]
        }
      ]
    },
    {
      "mode": "managed",
      "type": "google_compute_router_interface",
      "name": "router2_interface2",
      "provider": "provider[\"registry.terraform.io/hashicorp/google\"]",
      "instances": [
        {
          "schema_version": 0,
          "attributes": {
            "id": "us-east1/cloud-router-aws-gcp-vpn/router2-interface2",
            "interconnect_attachment": "",
            "ip_range": "169.254.57.6/30",
            "name": "router2-interface2",
            "project": "superproject-333310",
            "region": "us-east1",
            "router": "cloud-router-aws-gcp-vpn",
            "timeouts": null,
            "vpn_tunnel": "https://www.googleapis.com/compute/v1/projects/superproject-333310/regions/us-east1/vpnTunnels/vpn-tunnel2-2"
          },
          "sensitive_attributes": [],
          "private": "eyJlMmJmYjczMC1lY2FhLTExZTYtOGY4OC0zNDM2M2JjN2M0YzAiOnsiY3JlYXRlIjoyNDAwMDAwMDAwMDAsImRlbGV0ZSI6MjQwMDAwMDAwMDAwfX0=",
          "dependencies": [
            "aws_vpn_connection.s2s_2",
            "google_compute_router.cloudrouter",
            "google_compute_vpn_tunnel.tunnel2_2"
          ]
        }
      ]
    },
    {
      "mode": "managed",
      "type": "google_compute_router_peer",
      "name": "router1_peer1",
      "provider": "provider[\"registry.terraform.io/hashicorp/google\"]",
      "instances": [
        {
          "schema_version": 0,
          "attributes": {
            "advertise_mode": "DEFAULT",
            "advertised_groups": [],
            "advertised_ip_ranges": [],
            "advertised_route_priority": 0,
            "bfd": [
              {
                "min_receive_interval": 1000,
                "min_transmit_interval": 1000,
                "multiplier": 5,
                "session_initialization_mode": "DISABLED"
              }
            ],
            "enable": true,
            "id": "projects/superproject-333310/regions/us-east1/routers/cloud-router-aws-gcp-vpn/bgp-tunnel-1-1",
            "interface": "router1-interface1",
            "ip_address": "169.254.47.186",
            "management_type": "",
            "name": "bgp-tunnel-1-1",
            "peer_asn": 64512,
            "peer_ip_address": "169.254.47.185",
            "project": "superproject-333310",
            "region": null,
            "router": "cloud-router-aws-gcp-vpn",
            "timeouts": null
          },
          "sensitive_attributes": [],
          "private": "eyJlMmJmYjczMC1lY2FhLTExZTYtOGY4OC0zNDM2M2JjN2M0YzAiOnsiY3JlYXRlIjo2MDAwMDAwMDAwMDAsImRlbGV0ZSI6NjAwMDAwMDAwMDAwLCJ1cGRhdGUiOjYwMDAwMDAwMDAwMH19",
          "dependencies": [
            "google_compute_vpn_tunnel.tunnel1_1",
            "aws_customer_gateway.acg_2",
            "aws_vpn_connection.s2s_1",
            "aws_vpn_connection.s2s_2",
            "aws_vpn_gateway.vpn_gw",
            "google_compute_external_vpn_gateway.external_gateway",
            "google_compute_ha_vpn_gateway.ha_gateway1",
            "google_compute_router.cloudrouter",
            "aws_customer_gateway.acg_1",
            "aws_vpc.main",
            "google_compute_network.vpc_network",
            "google_compute_router_interface.router1_interface1"
          ]
        }
      ]
    },
    {
      "mode": "managed",
      "type": "google_compute_router_peer",
      "name": "router1_peer2",
      "provider": "provider[\"registry.terraform.io/hashicorp/google\"]",
      "instances": [
        {
          "schema_version": 0,
          "attributes": {
            "advertise_mode": "DEFAULT",
            "advertised_groups": [],
            "advertised_ip_ranges": [],
            "advertised_route_priority": 0,
            "bfd": [
              {
                "min_receive_interval": 1000,
                "min_transmit_interval": 1000,
                "multiplier": 5,
                "session_initialization_mode": "DISABLED"
              }
            ],
            "enable": true,
            "id": "projects/superproject-333310/regions/us-east1/routers/cloud-router-aws-gcp-vpn/bgp-tunnel-1-2",
            "interface": "router1-interface2",
            "ip_address": "169.254.39.206",
            "management_type": "",
            "name": "bgp-tunnel-1-2",
            "peer_asn": 64512,
            "peer_ip_address": "169.254.39.205",
            "project": "superproject-333310",
            "region": null,
            "router": "cloud-router-aws-gcp-vpn",
            "timeouts": null
          },
          "sensitive_attributes": [],
          "private": "eyJlMmJmYjczMC1lY2FhLTExZTYtOGY4OC0zNDM2M2JjN2M0YzAiOnsiY3JlYXRlIjo2MDAwMDAwMDAwMDAsImRlbGV0ZSI6NjAwMDAwMDAwMDAwLCJ1cGRhdGUiOjYwMDAwMDAwMDAwMH19",
          "dependencies": [
            "google_compute_ha_vpn_gateway.ha_gateway1",
            "google_compute_router.cloudrouter",
            "google_compute_router_interface.router1_interface2",
            "aws_customer_gateway.acg_1",
            "aws_customer_gateway.acg_2",
            "aws_vpn_connection.s2s_1",
            "google_compute_external_vpn_gateway.external_gateway",
            "google_compute_vpn_tunnel.tunnel1_2",
            "aws_vpc.main",
            "aws_vpn_connection.s2s_2",
            "aws_vpn_gateway.vpn_gw",
            "google_compute_network.vpc_network"
          ]
        }
      ]
    },
    {
      "mode": "managed",
      "type": "google_compute_router_peer",
      "name": "router2_peer1",
      "provider": "provider[\"registry.terraform.io/hashicorp/google\"]",
      "instances": [
        {
          "schema_version": 0,
          "attributes": {
            "advertise_mode": "DEFAULT",
            "advertised_groups": [],
            "advertised_ip_ranges": [],
            "advertised_route_priority": 0,
            "bfd": [
              {
                "min_receive_interval": 1000,
                "min_transmit_interval": 1000,
                "multiplier": 5,
                "session_initialization_mode": "DISABLED"
              }
            ],
            "enable": true,
            "id": "projects/superproject-333310/regions/us-east1/routers/cloud-router-aws-gcp-vpn/bgp-tunnel-2-1",
            "interface": "router2-interface1",
            "ip_address": "169.254.15.106",
            "management_type": "",
            "name": "bgp-tunnel-2-1",
            "peer_asn": 64512,
            "peer_ip_address": "169.254.15.105",
            "project": "superproject-333310",
            "region": null,
            "router": "cloud-router-aws-gcp-vpn",
            "timeouts": null
          },
          "sensitive_attributes": [],
          "private": "eyJlMmJmYjczMC1lY2FhLTExZTYtOGY4OC0zNDM2M2JjN2M0YzAiOnsiY3JlYXRlIjo2MDAwMDAwMDAwMDAsImRlbGV0ZSI6NjAwMDAwMDAwMDAwLCJ1cGRhdGUiOjYwMDAwMDAwMDAwMH19",
          "dependencies": [
            "google_compute_external_vpn_gateway.external_gateway",
            "google_compute_ha_vpn_gateway.ha_gateway1",
            "google_compute_vpn_tunnel.tunnel2_1",
            "aws_customer_gateway.acg_1",
            "aws_vpc.main",
            "aws_vpn_connection.s2s_2",
            "google_compute_network.vpc_network",
            "google_compute_router.cloudrouter",
            "google_compute_router_interface.router2_interface1",
            "aws_customer_gateway.acg_2",
            "aws_vpn_connection.s2s_1",
            "aws_vpn_gateway.vpn_gw"
          ]
        }
      ]
    },
    {
      "mode": "managed",
      "type": "google_compute_router_peer",
      "name": "router2_peer2",
      "provider": "provider[\"registry.terraform.io/hashicorp/google\"]",
      "instances": [
        {
          "schema_version": 0,
          "attributes": {
            "advertise_mode": "DEFAULT",
            "advertised_groups": null,
            "advertised_ip_ranges": [],
            "advertised_route_priority": 0,
            "bfd": [
              {
                "min_receive_interval": 1000,
                "min_transmit_interval": 1000,
                "multiplier": 5,
                "session_initialization_mode": "DISABLED"
              }
            ],
            "enable": true,
            "id": "projects/superproject-333310/regions/us-east1/routers/cloud-router-aws-gcp-vpn/bgp-tunnel-2-2",
            "interface": "router2-interface2",
            "ip_address": "169.254.57.6",
            "management_type": "",
            "name": "bgp-tunnel-2-2",
            "peer_asn": 64512,
            "peer_ip_address": "169.254.57.5",
            "project": "superproject-333310",
            "region": null,
            "router": "cloud-router-aws-gcp-vpn",
            "timeouts": null
          },
          "sensitive_attributes": [],
          "private": "eyJlMmJmYjczMC1lY2FhLTExZTYtOGY4OC0zNDM2M2JjN2M0YzAiOnsiY3JlYXRlIjo2MDAwMDAwMDAwMDAsImRlbGV0ZSI6NjAwMDAwMDAwMDAwLCJ1cGRhdGUiOjYwMDAwMDAwMDAwMH19",
          "dependencies": [
            "aws_vpn_connection.s2s_2",
            "aws_vpn_gateway.vpn_gw",
            "google_compute_router.cloudrouter",
            "google_compute_router_interface.router2_interface2",
            "google_compute_vpn_tunnel.tunnel2_2"
          ]
        }
      ]
    },
    {
      "mode": "managed",
      "type": "google_compute_subnetwork",
      "name": "subnet_1",
      "provider": "provider[\"registry.terraform.io/hashicorp/google\"]",
      "instances": [
        {
          "schema_version": 0,
          "attributes": {
            "creation_timestamp": "2021-11-29T05:18:52.247-08:00",
            "description": "",
            "external_ipv6_prefix": "",
            "fingerprint": null,
            "gateway_address": "10.0.0.1",
            "id": "projects/superproject-333310/regions/us-east1/subnetworks/subnet-us-east-1",
            "ip_cidr_range": "10.0.0.0/24",
            "ipv6_access_type": "",
            "ipv6_cidr_range": "",
            "log_config": [],
            "name": "subnet-us-east-1",
            "network": "https://www.googleapis.com/compute/v1/projects/superproject-333310/global/networks/vpc-aws-gcp",
            "private_ip_google_access": false,
            "private_ipv6_google_access": "DISABLE_GOOGLE_ACCESS",
            "project": "superproject-333310",
            "purpose": "PRIVATE",
            "region": "us-east1",
            "role": "",
            "secondary_ip_range": [],
            "self_link": "https://www.googleapis.com/compute/v1/projects/superproject-333310/regions/us-east1/subnetworks/subnet-us-east-1",
            "stack_type": "IPV4_ONLY",
            "timeouts": null
          },
          "sensitive_attributes": [],
          "private": "eyJlMmJmYjczMC1lY2FhLTExZTYtOGY4OC0zNDM2M2JjN2M0YzAiOnsiY3JlYXRlIjozNjAwMDAwMDAwMDAsImRlbGV0ZSI6MzYwMDAwMDAwMDAwLCJ1cGRhdGUiOjM2MDAwMDAwMDAwMH19",
          "dependencies": [
            "google_compute_network.vpc_network"
          ]
        }
      ]
    },
    {
      "mode": "managed",
      "type": "google_compute_vpn_tunnel",
      "name": "tunnel1_1",
      "provider": "provider[\"registry.terraform.io/hashicorp/google\"]",
      "instances": [
        {
          "schema_version": 0,
          "attributes": {
            "creation_timestamp": "2021-11-29T05:25:09.251-08:00",
            "description": "",
            "detailed_status": "Tunnel is up and running.",
            "id": "projects/superproject-333310/regions/us-east1/vpnTunnels/vpn-tunnel1-1",
            "ike_version": 2,
            "local_traffic_selector": [
              "0.0.0.0/0"
            ],
            "name": "vpn-tunnel1-1",
            "peer_external_gateway": "https://www.googleapis.com/compute/v1/projects/superproject-333310/global/externalVpnGateways/pvg-aws-gcp-vpn",
            "peer_external_gateway_interface": 0,
            "peer_gcp_gateway": "",
            "peer_ip": "44.198.82.154",
            "project": "superproject-333310",
            "region": "us-east1",
            "remote_traffic_selector": [
              "0.0.0.0/0"
            ],
            "router": "https://www.googleapis.com/compute/v1/projects/superproject-333310/regions/us-east1/routers/cloud-router-aws-gcp-vpn",
            "self_link": "https://www.googleapis.com/compute/v1/projects/superproject-333310/regions/us-east1/vpnTunnels/vpn-tunnel1-1",
            "shared_secret": "YA0sP9IhSMZ17nyADFpIUsjHUpU77K.s",
            "shared_secret_hash": "AIjbGRkWpOdmOPJl_O11qJsqTbwc",
            "target_vpn_gateway": "",
            "timeouts": null,
            "tunnel_id": "7282670859541113434",
            "vpn_gateway": "https://www.googleapis.com/compute/v1/projects/superproject-333310/regions/us-east1/vpnGateways/vpn-gateway-aws-gcp",
            "vpn_gateway_interface": 0
          },
          "sensitive_attributes": [
            [
              {
                "type": "get_attr",
                "value": "shared_secret"
              }
            ]
          ],
          "private": "eyJlMmJmYjczMC1lY2FhLTExZTYtOGY4OC0zNDM2M2JjN2M0YzAiOnsiY3JlYXRlIjoyNDAwMDAwMDAwMDAsImRlbGV0ZSI6MjQwMDAwMDAwMDAwfX0=",
          "dependencies": [
            "aws_customer_gateway.acg_1",
            "google_compute_external_vpn_gateway.external_gateway",
            "google_compute_ha_vpn_gateway.ha_gateway1",
            "google_compute_network.vpc_network",
            "google_compute_router.cloudrouter",
            "aws_customer_gateway.acg_2",
            "aws_vpc.main",
            "aws_vpn_connection.s2s_1",
            "aws_vpn_connection.s2s_2",
            "aws_vpn_gateway.vpn_gw"
          ]
        }
      ]
    },
    {
      "mode": "managed",
      "type": "google_compute_vpn_tunnel",
      "name": "tunnel1_2",
      "provider": "provider[\"registry.terraform.io/hashicorp/google\"]",
      "instances": [
        {
          "schema_version": 0,
          "attributes": {
            "creation_timestamp": "2021-11-29T05:25:08.481-08:00",
            "description": "",
            "detailed_status": "Tunnel is up and running.",
            "id": "projects/superproject-333310/regions/us-east1/vpnTunnels/vpn-tunnel1-2",
            "ike_version": 2,
            "local_traffic_selector": [
              "0.0.0.0/0"
            ],
            "name": "vpn-tunnel1-2",
            "peer_external_gateway": "https://www.googleapis.com/compute/v1/projects/superproject-333310/global/externalVpnGateways/pvg-aws-gcp-vpn",
            "peer_external_gateway_interface": 1,
            "peer_gcp_gateway": "",
            "peer_ip": "52.87.16.232",
            "project": "superproject-333310",
            "region": "us-east1",
            "remote_traffic_selector": [
              "0.0.0.0/0"
            ],
            "router": "https://www.googleapis.com/compute/v1/projects/superproject-333310/regions/us-east1/routers/cloud-router-aws-gcp-vpn",
            "self_link": "https://www.googleapis.com/compute/v1/projects/superproject-333310/regions/us-east1/vpnTunnels/vpn-tunnel1-2",
            "shared_secret": "5kAf_zFnWO4KZ5E9g3FL5BV7W3oyj9l2",
            "shared_secret_hash": "AHVVugEbt6tKO2HGSCslhzQsVYQc",
            "target_vpn_gateway": "",
            "timeouts": null,
            "tunnel_id": "6117990675075656283",
            "vpn_gateway": "https://www.googleapis.com/compute/v1/projects/superproject-333310/regions/us-east1/vpnGateways/vpn-gateway-aws-gcp",
            "vpn_gateway_interface": 0
          },
          "sensitive_attributes": [
            [
              {
                "type": "get_attr",
                "value": "shared_secret"
              }
            ]
          ],
          "private": "eyJlMmJmYjczMC1lY2FhLTExZTYtOGY4OC0zNDM2M2JjN2M0YzAiOnsiY3JlYXRlIjoyNDAwMDAwMDAwMDAsImRlbGV0ZSI6MjQwMDAwMDAwMDAwfX0=",
          "dependencies": [
            "aws_vpn_connection.s2s_2",
            "aws_vpn_gateway.vpn_gw",
            "google_compute_external_vpn_gateway.external_gateway",
            "google_compute_router.cloudrouter",
            "aws_customer_gateway.acg_2",
            "aws_vpc.main",
            "google_compute_ha_vpn_gateway.ha_gateway1",
            "google_compute_network.vpc_network",
            "aws_customer_gateway.acg_1",
            "aws_vpn_connection.s2s_1"
          ]
        }
      ]
    },
    {
      "mode": "managed",
      "type": "google_compute_vpn_tunnel",
      "name": "tunnel2_1",
      "provider": "provider[\"registry.terraform.io/hashicorp/google\"]",
      "instances": [
        {
          "schema_version": 0,
          "attributes": {
            "creation_timestamp": "2021-11-29T05:25:09.126-08:00",
            "description": "",
            "detailed_status": "Tunnel is up and running.",
            "id": "projects/superproject-333310/regions/us-east1/vpnTunnels/vpn-tunnel2-1",
            "ike_version": 2,
            "local_traffic_selector": [
              "0.0.0.0/0"
            ],
            "name": "vpn-tunnel2-1",
            "peer_external_gateway": "https://www.googleapis.com/compute/v1/projects/superproject-333310/global/externalVpnGateways/pvg-aws-gcp-vpn",
            "peer_external_gateway_interface": 2,
            "peer_gcp_gateway": "",
            "peer_ip": "35.169.136.155",
            "project": "superproject-333310",
            "region": "us-east1",
            "remote_traffic_selector": [
              "0.0.0.0/0"
            ],
            "router": "https://www.googleapis.com/compute/v1/projects/superproject-333310/regions/us-east1/routers/cloud-router-aws-gcp-vpn",
            "self_link": "https://www.googleapis.com/compute/v1/projects/superproject-333310/regions/us-east1/vpnTunnels/vpn-tunnel2-1",
            "shared_secret": "xFcVpbwnZM4D7ZVvxEGjQXCpIGicOA2H",
            "shared_secret_hash": "AOHf1wrqKlP16FkxWGcoq4mQxxB3",
            "target_vpn_gateway": "",
            "timeouts": null,
            "tunnel_id": "3545727455761885786",
            "vpn_gateway": "https://www.googleapis.com/compute/v1/projects/superproject-333310/regions/us-east1/vpnGateways/vpn-gateway-aws-gcp",
            "vpn_gateway_interface": 1
          },
          "sensitive_attributes": [
            [
              {
                "type": "get_attr",
                "value": "shared_secret"
              }
            ]
          ],
          "private": "eyJlMmJmYjczMC1lY2FhLTExZTYtOGY4OC0zNDM2M2JjN2M0YzAiOnsiY3JlYXRlIjoyNDAwMDAwMDAwMDAsImRlbGV0ZSI6MjQwMDAwMDAwMDAwfX0=",
          "dependencies": [
            "aws_vpn_connection.s2s_1",
            "google_compute_external_vpn_gateway.external_gateway",
            "google_compute_network.vpc_network",
            "aws_vpn_connection.s2s_2",
            "aws_vpn_gateway.vpn_gw",
            "google_compute_ha_vpn_gateway.ha_gateway1",
            "google_compute_router.cloudrouter",
            "aws_customer_gateway.acg_1",
            "aws_customer_gateway.acg_2",
            "aws_vpc.main"
          ]
        }
      ]
    },
    {
      "mode": "managed",
      "type": "google_compute_vpn_tunnel",
      "name": "tunnel2_2",
      "provider": "provider[\"registry.terraform.io/hashicorp/google\"]",
      "instances": [
        {
          "schema_version": 0,
          "attributes": {
            "creation_timestamp": "2021-11-29T05:25:09.186-08:00",
            "description": "",
            "detailed_status": "Tunnel is up and running.",
            "id": "projects/superproject-333310/regions/us-east1/vpnTunnels/vpn-tunnel2-2",
            "ike_version": 2,
            "local_traffic_selector": [
              "0.0.0.0/0"
            ],
            "name": "vpn-tunnel2-2",
            "peer_external_gateway": "https://www.googleapis.com/compute/v1/projects/superproject-333310/global/externalVpnGateways/pvg-aws-gcp-vpn",
            "peer_external_gateway_interface": 3,
            "peer_gcp_gateway": "",
            "peer_ip": "52.202.135.69",
            "project": "superproject-333310",
            "region": "us-east1",
            "remote_traffic_selector": [
              "0.0.0.0/0"
            ],
            "router": "https://www.googleapis.com/compute/v1/projects/superproject-333310/regions/us-east1/routers/cloud-router-aws-gcp-vpn",
            "self_link": "https://www.googleapis.com/compute/v1/projects/superproject-333310/regions/us-east1/vpnTunnels/vpn-tunnel2-2",
            "shared_secret": "fYnS_JpizQPr83FELqh3GCTPKYkZhfws",
            "shared_secret_hash": "AKHbZguRoic14rQ1F43_2vsqfAR-",
            "target_vpn_gateway": "",
            "timeouts": null,
            "tunnel_id": "3863449538384194138",
            "vpn_gateway": "https://www.googleapis.com/compute/v1/projects/superproject-333310/regions/us-east1/vpnGateways/vpn-gateway-aws-gcp",
            "vpn_gateway_interface": 1
          },
          "sensitive_attributes": [
            [
              {
                "type": "get_attr",
                "value": "shared_secret"
              }
            ]
          ],
          "private": "eyJlMmJmYjczMC1lY2FhLTExZTYtOGY4OC0zNDM2M2JjN2M0YzAiOnsiY3JlYXRlIjoyNDAwMDAwMDAwMDAsImRlbGV0ZSI6MjQwMDAwMDAwMDAwfX0=",
          "dependencies": [
            "aws_customer_gateway.acg_2",
            "aws_vpn_connection.s2s_2",
            "google_compute_router.cloudrouter",
            "google_compute_ha_vpn_gateway.ha_gateway1",
            "google_compute_network.vpc_network",
            "aws_customer_gateway.acg_1",
            "aws_vpc.main",
            "aws_vpn_connection.s2s_1",
            "aws_vpn_gateway.vpn_gw",
            "google_compute_external_vpn_gateway.external_gateway"
          ]
        }
      ]
    },
    {
      "mode": "managed",
      "type": "null_resource",
      "name": "config_tasks",
      "provider": "provider[\"registry.terraform.io/hashicorp/null\"]",
      "instances": [
        {
          "schema_version": 0,
          "attributes": {
            "id": "536506184044079066",
            "triggers": null
          },
          "sensitive_attributes": [],
          "private": "bnVsbA==",
          "dependencies": [
            "google_compute_ha_vpn_gateway.ha_gateway1",
            "google_compute_network.vpc_network"
          ]
        }
      ]
    }
  ]
}
